
Microsoft Visual Studio Solution File, Format Version 12.00
# Visual Studio Version 16
VisualStudioVersion = 16.0.29424.173
MinimumVisualStudioVersion = 10.0.40219.1
Project("{FAE04EC0-301F-11D3-BF4B-00C04F79EFBC}") = "Hashing", "Hashing\Hashing.csproj", "{9841176B-3294-4D1F-B00D-B448428F44C4}"
EndProject
Global
	GlobalSection(SolutionConfigurationPlatforms) = preSolution
		Debug|Any CPU = Debug|Any CPU
		Release|Any CPU = Release|Any CPU
	EndGlobalSection
	GlobalSection(ProjectConfigurationPlatforms) = postSolution
		{9841176B-3294-4D1F-B00D-B448428F44C4}.Debug|Any CPU.ActiveCfg = Debug|Any CPU
		{9841176B-3294-4D1F-B00D-B448428F44C4}.Debug|Any CPU.Build.0 = Debug|Any CPU
		{9841176B-3294-4D1F-B00D-B448428F44C4}.Release|Any CPU.ActiveCfg = Release|Any CPU
		{9841176B-3294-4D1F-B00D-B448428F44C4}.Release|Any CPU.Build.0 = Release|Any CPU
	EndGlobalSection
	GlobalSection(SolutionProperties) = preSolution
		HideSolutionNode = FALSE
	EndGlobalSection
	GlobalSection(ExtensibilityGlobals) = postSolution
		SolutionGuid = {0DA288B5-6719-44D5-944E-0651264A288B}
	EndGlobalSection
EndGlobal
