
Microsoft Visual Studio Solution File, Format Version 12.00
# Visual Studio Version 16
VisualStudioVersion = 16.0.29613.14
MinimumVisualStudioVersion = 10.0.40219.1
Project("{FAE04EC0-301F-11D3-BF4B-00C04F79EFBC}") = "Maximum Flow Problem", "Maximum Flow Problem\Maximum Flow Problem.csproj", "{EAC3A5FA-D227-4D27-9F5D-F53E98BFD50A}"
EndProject
Global
	GlobalSection(SolutionConfigurationPlatforms) = preSolution
		Debug|Any CPU = Debug|Any CPU
		Release|Any CPU = Release|Any CPU
	EndGlobalSection
	GlobalSection(ProjectConfigurationPlatforms) = postSolution
		{EAC3A5FA-D227-4D27-9F5D-F53E98BFD50A}.Debug|Any CPU.ActiveCfg = Debug|Any CPU
		{EAC3A5FA-D227-4D27-9F5D-F53E98BFD50A}.Debug|Any CPU.Build.0 = Debug|Any CPU
		{EAC3A5FA-D227-4D27-9F5D-F53E98BFD50A}.Release|Any CPU.ActiveCfg = Release|Any CPU
		{EAC3A5FA-D227-4D27-9F5D-F53E98BFD50A}.Release|Any CPU.Build.0 = Release|Any CPU
	EndGlobalSection
	GlobalSection(SolutionProperties) = preSolution
		HideSolutionNode = FALSE
	EndGlobalSection
	GlobalSection(ExtensibilityGlobals) = postSolution
		SolutionGuid = {0E465122-8113-4D51-A080-24520CB99314}
	EndGlobalSection
EndGlobal
